// !$*UTF8*$!
{
	archiveVersion = 1;
	classes = {
	};
	objectVersion = 56;
	objects = {

/* Begin PBXBuildFile section */
		D833762C2BF5DAB400A36734 /* HomeViewController.swift in Sources */ = {isa = PBXBuildFile; fileRef = D833762B2BF5DAB400A36734 /* HomeViewController.swift */; };
		D8674F062BF520C8009E18DC /* AppDelegate.swift in Sources */ = {isa = PBXBuildFile; fileRef = D8674F052BF520C8009E18DC /* AppDelegate.swift */; };
		D8674F082BF520C8009E18DC /* SceneDelegate.swift in Sources */ = {isa = PBXBuildFile; fileRef = D8674F072BF520C8009E18DC /* SceneDelegate.swift */; };
		D8674F0A2BF520C8009E18DC /* ViewController.swift in Sources */ = {isa = PBXBuildFile; fileRef = D8674F092BF520C8009E18DC /* ViewController.swift */; };
		D8674F0D2BF520C8009E18DC /* Base in Resources */ = {isa = PBXBuildFile; fileRef = D8674F0C2BF520C8009E18DC /* Base */; };
		D8674F0F2BF520C9009E18DC /* Assets.xcassets in Resources */ = {isa = PBXBuildFile; fileRef = D8674F0E2BF520C9009E18DC /* Assets.xcassets */; };
		D8674F122BF520C9009E18DC /* Base in Resources */ = {isa = PBXBuildFile; fileRef = D8674F112BF520C9009E18DC /* Base */; };
		D8BCD2AD2BF5FCB2002EE2F0 /* FindViewController.swift in Sources */ = {isa = PBXBuildFile; fileRef = D8BCD2AC2BF5FCB2002EE2F0 /* FindViewController.swift */; };
		D8BCD2AF2BF6129D002EE2F0 /* SaveViewController.swift in Sources */ = {isa = PBXBuildFile; fileRef = D8BCD2AE2BF6129D002EE2F0 /* SaveViewController.swift */; };
		D8BCD2B12BF64F10002EE2F0 /* SignViewController.swift in Sources */ = {isa = PBXBuildFile; fileRef = D8BCD2B02BF64F10002EE2F0 /* SignViewController.swift */; };
/* End PBXBuildFile section */

/* Begin PBXFileReference section */
		D833762B2BF5DAB400A36734 /* HomeViewController.swift */ = {isa = PBXFileReference; lastKnownFileType = sourcecode.swift; path = HomeViewController.swift; sourceTree = "<group>"; };
		D8674F022BF520C8009E18DC /* sesacweek1_ex1.app */ = {isa = PBXFileReference; explicitFileType = wrapper.application; includeInIndex = 0; path = sesacweek1_ex1.app; sourceTree = BUILT_PRODUCTS_DIR; };
		D8674F052BF520C8009E18DC /* AppDelegate.swift */ = {isa = PBXFileReference; lastKnownFileType = sourcecode.swift; path = AppDelegate.swift; sourceTree = "<group>"; };
		D8674F072BF520C8009E18DC /* SceneDelegate.swift */ = {isa = PBXFileReference; lastKnownFileType = sourcecode.swift; path = SceneDelegate.swift; sourceTree = "<group>"; };
		D8674F092BF520C8009E18DC /* ViewController.swift */ = {isa = PBXFileReference; lastKnownFileType = sourcecode.swift; path = ViewController.swift; sourceTree = "<group>"; };
		D8674F0C2BF520C8009E18DC /* Base */ = {isa = PBXFileReference; lastKnownFileType = file.storyboard; name = Base; path = Base.lproj/Main.storyboard; sourceTree = "<group>"; };
		D8674F0E2BF520C9009E18DC /* Assets.xcassets */ = {isa = PBXFileReference; lastKnownFileType = folder.assetcatalog; path = Assets.xcassets; sourceTree = "<group>"; };
		D8674F112BF520C9009E18DC /* Base */ = {isa = PBXFileReference; lastKnownFileType = file.storyboard; name = Base; path = Base.lproj/LaunchScreen.storyboard; sourceTree = "<group>"; };
		D8674F132BF520C9009E18DC /* Info.plist */ = {isa = PBXFileReference; lastKnownFileType = text.plist.xml; path = Info.plist; sourceTree = "<group>"; };
		D8BCD2AC2BF5FCB2002EE2F0 /* FindViewController.swift */ = {isa = PBXFileReference; lastKnownFileType = sourcecode.swift; path = FindViewController.swift; sourceTree = "<group>"; };
		D8BCD2AE2BF6129D002EE2F0 /* SaveViewController.swift */ = {isa = PBXFileReference; lastKnownFileType = sourcecode.swift; path = SaveViewController.swift; sourceTree = "<group>"; };
		D8BCD2B02BF64F10002EE2F0 /* SignViewController.swift */ = {isa = PBXFileReference; lastKnownFileType = sourcecode.swift; path = SignViewController.swift; sourceTree = "<group>"; };
/* End PBXFileReference section */

/* Begin PBXFrameworksBuildPhase section */
		D8674EFF2BF520C8009E18DC /* Frameworks */ = {
			isa = PBXFrameworksBuildPhase;
			buildActionMask = 2147483647;
			files = (
			);
			runOnlyForDeploymentPostprocessing = 0;
		};
/* End PBXFrameworksBuildPhase section */

/* Begin PBXGroup section */
		D833762A2BF5DA7C00A36734 /* movie */ = {
			isa = PBXGroup;
			children = (
				D833762B2BF5DAB400A36734 /* HomeViewController.swift */,
				D8BCD2AC2BF5FCB2002EE2F0 /* FindViewController.swift */,
				D8BCD2AE2BF6129D002EE2F0 /* SaveViewController.swift */,
				D8BCD2B02BF64F10002EE2F0 /* SignViewController.swift */,
			);
			path = movie;
			sourceTree = "<group>";
		};
		D8674EF92BF520C8009E18DC = {
			isa = PBXGroup;
			children = (
				D8674F042BF520C8009E18DC /* sesacweek1_ex1 */,
				D8674F032BF520C8009E18DC /* Products */,
			);
			sourceTree = "<group>";
		};
		D8674F032BF520C8009E18DC /* Products */ = {
			isa = PBXGroup;
			children = (
				D8674F022BF520C8009E18DC /* sesacweek1_ex1.app */,
			);
			name = Products;
			sourceTree = "<group>";
		};
		D8674F042BF520C8009E18DC /* sesacweek1_ex1 */ = {
			isa = PBXGroup;
			children = (
				D833762A2BF5DA7C00A36734 /* movie */,
				D8674F052BF520C8009E18DC /* AppDelegate.swift */,
				D8674F072BF520C8009E18DC /* SceneDelegate.swift */,
				D8674F092BF520C8009E18DC /* ViewController.swift */,
				D8674F0B2BF520C8009E18DC /* Main.storyboard */,
				D8674F0E2BF520C9009E18DC /* Assets.xcassets */,
				D8674F102BF520C9009E18DC /* LaunchScreen.storyboard */,
				D8674F132BF520C9009E18DC /* Info.plist */,
			);
			path = sesacweek1_ex1;
			sourceTree = "<group>";
		};
/* End PBXGroup section */

/* Begin PBXNativeTarget section */
		D8674F012BF520C8009E18DC /* sesacweek1_ex1 */ = {
			isa = PBXNativeTarget;
			buildConfigurationList = D8674F162BF520C9009E18DC /* Build configuration list for PBXNativeTarget "sesacweek1_ex1" */;
			buildPhases = (
				D8674EFE2BF520C8009E18DC /* Sources */,
				D8674EFF2BF520C8009E18DC /* Frameworks */,
				D8674F002BF520C8009E18DC /* Resources */,
			);
			buildRules = (
			);
			dependencies = (
			);
			name = sesacweek1_ex1;
			productName = sesacweek1_ex1;
			productReference = D8674F022BF520C8009E18DC /* sesacweek1_ex1.app */;
			productType = "com.apple.product-type.application";
		};
/* End PBXNativeTarget section */

/* Begin PBXProject section */
		D8674EFA2BF520C8009E18DC /* Project object */ = {
			isa = PBXProject;
			attributes = {
				BuildIndependentTargetsInParallel = 1;
				LastSwiftUpdateCheck = 1530;
				LastUpgradeCheck = 1530;
				TargetAttributes = {
					D8674F012BF520C8009E18DC = {
						CreatedOnToolsVersion = 15.3;
					};
				};
			};
			buildConfigurationList = D8674EFD2BF520C8009E18DC /* Build configuration list for PBXProject "sesacweek1_ex1" */;
			compatibilityVersion = "Xcode 14.0";
			developmentRegion = en;
			hasScannedForEncodings = 0;
			knownRegions = (
				en,
				Base,
			);
			mainGroup = D8674EF92BF520C8009E18DC;
			productRefGroup = D8674F032BF520C8009E18DC /* Products */;
			projectDirPath = "";
			projectRoot = "";
			targets = (
				D8674F012BF520C8009E18DC /* sesacweek1_ex1 */,
			);
		};
/* End PBXProject section */

/* Begin PBXResourcesBuildPhase section */
		D8674F002BF520C8009E18DC /* Resources */ = {
			isa = PBXResourcesBuildPhase;
			buildActionMask = 2147483647;
			files = (
				D8674F0F2BF520C9009E18DC /* Assets.xcassets in Resources */,
				D8674F122BF520C9009E18DC /* Base in Resources */,
				D8674F0D2BF520C8009E18DC /* Base in Resources */,
			);
			runOnlyForDeploymentPostprocessing = 0;
		};
/* End PBXResourcesBuildPhase section */

/* Begin PBXSourcesBuildPhase section */
		D8674EFE2BF520C8009E18DC /* Sources */ = {
			isa = PBXSourcesBuildPhase;
			buildActionMask = 2147483647;
			files = (
				D8BCD2B12BF64F10002EE2F0 /* SignViewController.swift in Sources */,
				D8BCD2AD2BF5FCB2002EE2F0 /* FindViewController.swift in Sources */,
				D8BCD2AF2BF6129D002EE2F0 /* SaveViewController.swift in Sources */,
				D8674F0A2BF520C8009E18DC /* ViewController.swift in Sources */,
				D8674F062BF520C8009E18DC /* AppDelegate.swift in Sources */,
				D8674F082BF520C8009E18DC /* SceneDelegate.swift in Sources */,
				D833762C2BF5DAB400A36734 /* HomeViewController.swift in Sources */,
			);
			runOnlyForDeploymentPostprocessing = 0;
		};
/* End PBXSourcesBuildPhase section */

/* Begin PBXVariantGroup section */
		D8674F0B2BF520C8009E18DC /* Main.storyboard */ = {
			isa = PBXVariantGroup;
			children = (
				D8674F0C2BF520C8009E18DC /* Base */,
			);
			name = Main.storyboard;
			sourceTree = "<group>";
		};
		D8674F102BF520C9009E18DC /* LaunchScreen.storyboard */ = {
			isa = PBXVariantGroup;
			children = (
				D8674F112BF520C9009E18DC /* Base */,
			);
			name = LaunchScreen.storyboard;
			sourceTree = "<group>";
		};
/* End PBXVariantGroup section */

/* Begin XCBuildConfiguration section */
		D8674F142BF520C9009E18DC /* Debug */ = {
			isa = XCBuildConfiguration;
			buildSettings = {
				ALWAYS_SEARCH_USER_PATHS = NO;
				ASSETCATALOG_COMPILER_GENERATE_SWIFT_ASSET_SYMBOL_EXTENSIONS = YES;
				CLANG_ANALYZER_NONNULL = YES;
				CLANG_ANALYZER_NUMBER_OBJECT_CONVERSION = YES_AGGRESSIVE;
				CLANG_CXX_LANGUAGE_STANDARD = "gnu++20";
				CLANG_ENABLE_MODULES = YES;
				CLANG_ENABLE_OBJC_ARC = YES;
				CLANG_ENABLE_OBJC_WEAK = YES;
				CLANG_WARN_BLOCK_CAPTURE_AUTORELEASING = YES;
				CLANG_WARN_BOOL_CONVERSION = YES;
				CLANG_WARN_COMMA = YES;
				CLANG_WARN_CONSTANT_CONVERSION = YES;
				CLANG_WARN_DEPRECATED_OBJC_IMPLEMENTATIONS = YES;
				CLANG_WARN_DIRECT_OBJC_ISA_USAGE = YES_ERROR;
				CLANG_WARN_DOCUMENTATION_COMMENTS = YES;
				CLANG_WARN_EMPTY_BODY = YES;
				CLANG_WARN_ENUM_CONVERSION = YES;
				CLANG_WARN_INFINITE_RECURSION = YES;
				CLANG_WARN_INT_CONVERSION = YES;
				CLANG_WARN_NON_LITERAL_NULL_CONVERSION = YES;
				CLANG_WARN_OBJC_IMPLICIT_RETAIN_SELF = YES;
				CLANG_WARN_OBJC_LITERAL_CONVERSION = YES;
				CLANG_WARN_OBJC_ROOT_CLASS = YES_ERROR;
				CLANG_WARN_QUOTED_INCLUDE_IN_FRAMEWORK_HEADER = YES;
				CLANG_WARN_RANGE_LOOP_ANALYSIS = YES;
				CLANG_WARN_STRICT_PROTOTYPES = YES;
				CLANG_WARN_SUSPICIOUS_MOVE = YES;
				CLANG_WARN_UNGUARDED_AVAILABILITY = YES_AGGRESSIVE;
				CLANG_WARN_UNREACHABLE_CODE = YES;
				CLANG_WARN__DUPLICATE_METHOD_MATCH = YES;
				COPY_PHASE_STRIP = NO;
				DEBUG_INFORMATION_FORMAT = dwarf;
				ENABLE_STRICT_OBJC_MSGSEND = YES;
				ENABLE_TESTABILITY = YES;
				ENABLE_USER_SCRIPT_SANDBOXING = YES;
				GCC_C_LANGUAGE_STANDARD = gnu17;
				GCC_DYNAMIC_NO_PIC = NO;
				GCC_NO_COMMON_BLOCKS = YES;
				GCC_OPTIMIZATION_LEVEL = 0;
				GCC_PREPROCESSOR_DEFINITIONS = (
					"DEBUG=1",
					"$(inherited)",
				);
				GCC_WARN_64_TO_32_BIT_CONVERSION = YES;
				GCC_WARN_ABOUT_RETURN_TYPE = YES_ERROR;
				GCC_WARN_UNDECLARED_SELECTOR = YES;
				GCC_WARN_UNINITIALIZED_AUTOS = YES_AGGRESSIVE;
				GCC_WARN_UNUSED_FUNCTION = YES;
				GCC_WARN_UNUSED_VARIABLE = YES;
				IPHONEOS_DEPLOYMENT_TARGET = 17.4;
				LOCALIZATION_PREFERS_STRING_CATALOGS = YES;
				MTL_ENABLE_DEBUG_INFO = INCLUDE_SOURCE;
				MTL_FAST_MATH = YES;
				ONLY_ACTIVE_ARCH = YES;
				SDKROOT = iphoneos;
				SWIFT_ACTIVE_COMPILATION_CONDITIONS = "DEBUG $(inherited)";
				SWIFT_OPTIMIZATION_LEVEL = "-Onone";
			};
			name = Debug;
		};
		D8674F152BF520C9009E18DC /* Release */ = {
			isa = XCBuildConfiguration;
			buildSettings = {
				ALWAYS_SEARCH_USER_PATHS = NO;
				ASSETCATALOG_COMPILER_GENERATE_SWIFT_ASSET_SYMBOL_EXTENSIONS = YES;
				CLANG_ANALYZER_NONNULL = YES;
				CLANG_ANALYZER_NUMBER_OBJECT_CONVERSION = YES_AGGRESSIVE;
				CLANG_CXX_LANGUAGE_STANDARD = "gnu++20";
				CLANG_ENABLE_MODULES = YES;
				CLANG_ENABLE_OBJC_ARC = YES;
				CLANG_ENABLE_OBJC_WEAK = YES;
				CLANG_WARN_BLOCK_CAPTURE_AUTORELEASING = YES;
				CLANG_WARN_BOOL_CONVERSION = YES;
				CLANG_WARN_COMMA = YES;
				CLANG_WARN_CONSTANT_CONVERSION = YES;
				CLANG_WARN_DEPRECATED_OBJC_IMPLEMENTATIONS = YES;
				CLANG_WARN_DIRECT_OBJC_ISA_USAGE = YES_ERROR;
				CLANG_WARN_DOCUMENTATION_COMMENTS = YES;
				CLANG_WARN_EMPTY_BODY = YES;
				CLANG_WARN_ENUM_CONVERSION = YES;
				CLANG_WARN_INFINITE_RECURSION = YES;
				CLANG_WARN_INT_CONVERSION = YES;
				CLANG_WARN_NON_LITERAL_NULL_CONVERSION = YES;
				CLANG_WARN_OBJC_IMPLICIT_RETAIN_SELF = YES;
				CLANG_WARN_OBJC_LITERAL_CONVERSION = YES;
				CLANG_WARN_OBJC_ROOT_CLASS = YES_ERROR;
				CLANG_WARN_QUOTED_INCLUDE_IN_FRAMEWORK_HEADER = YES;
				CLANG_WARN_RANGE_LOOP_ANALYSIS = YES;
				CLANG_WARN_STRICT_PROTOTYPES = YES;
				CLANG_WARN_SUSPICIOUS_MOVE = YES;
				CLANG_WARN_UNGUARDED_AVAILABILITY = YES_AGGRESSIVE;
				CLANG_WARN_UNREACHABLE_CODE = YES;
				CLANG_WARN__DUPLICATE_METHOD_MATCH = YES;
				COPY_PHASE_STRIP = NO;
				DEBUG_INFORMATION_FORMAT = "dwarf-with-dsym";
				ENABLE_NS_ASSERTIONS = NO;
				ENABLE_STRICT_OBJC_MSGSEND = YES;
				ENABLE_USER_SCRIPT_SANDBOXING = YES;
				GCC_C_LANGUAGE_STANDARD = gnu17;
				GCC_NO_COMMON_BLOCKS = YES;
				GCC_WARN_64_TO_32_BIT_CONVERSION = YES;
				GCC_WARN_ABOUT_RETURN_TYPE = YES_ERROR;
				GCC_WARN_UNDECLARED_SELECTOR = YES;
				GCC_WARN_UNINITIALIZED_AUTOS = YES_AGGRESSIVE;
				GCC_WARN_UNUSED_FUNCTION = YES;
				GCC_WARN_UNUSED_VARIABLE = YES;
				IPHONEOS_DEPLOYMENT_TARGET = 17.4;
				LOCALIZATION_PREFERS_STRING_CATALOGS = YES;
				MTL_ENABLE_DEBUG_INFO = NO;
				MTL_FAST_MATH = YES;
				SDKROOT = iphoneos;
				SWIFT_COMPILATION_MODE = wholemodule;
				VALIDATE_PRODUCT = YES;
			};
			name = Release;
		};
		D8674F172BF520C9009E18DC /* Debug */ = {
			isa = XCBuildConfiguration;
			buildSettings = {
				ASSETCATALOG_COMPILER_APPICON_NAME = AppIcon;
				ASSETCATALOG_COMPILER_GLOBAL_ACCENT_COLOR_NAME = AccentColor;
				CODE_SIGN_STYLE = Automatic;
				CURRENT_PROJECT_VERSION = 1;
				GENERATE_INFOPLIST_FILE = YES;
				INFOPLIST_FILE = sesacweek1_ex1/Info.plist;
				INFOPLIST_KEY_UIApplicationSupportsIndirectInputEvents = YES;
				INFOPLIST_KEY_UILaunchStoryboardName = LaunchScreen;
				INFOPLIST_KEY_UIMainStoryboardFile = Main;
				INFOPLIST_KEY_UISupportedInterfaceOrientations_iPad = "UIInterfaceOrientationPortrait UIInterfaceOrientationPortraitUpsideDown UIInterfaceOrientationLandscapeLeft UIInterfaceOrientationLandscapeRight";
				INFOPLIST_KEY_UISupportedInterfaceOrientations_iPhone = "UIInterfaceOrientationPortrait UIInterfaceOrientationLandscapeLeft UIInterfaceOrientationLandscapeRight";
				LD_RUNPATH_SEARCH_PATHS = (
					"$(inherited)",
					"@executable_path/Frameworks",
				);
				MARKETING_VERSION = 1.0;
				PRODUCT_BUNDLE_IDENTIFIER = "com.sesac.sesacweek1-ex1";
				PRODUCT_NAME = "$(TARGET_NAME)";
				SWIFT_EMIT_LOC_STRINGS = YES;
				SWIFT_VERSION = 5.0;
				TARGETED_DEVICE_FAMILY = "1,2";
			};
			name = Debug;
		};
		D8674F182BF520C9009E18DC /* Release */ = {
			isa = XCBuildConfiguration;
			buildSettings = {
				ASSETCATALOG_COMPILER_APPICON_NAME = AppIcon;
				ASSETCATALOG_COMPILER_GLOBAL_ACCENT_COLOR_NAME = AccentColor;
				CODE_SIGN_STYLE = Automatic;
				CURRENT_PROJECT_VERSION = 1;
				GENERATE_INFOPLIST_FILE = YES;
				INFOPLIST_FILE = sesacweek1_ex1/Info.plist;
				INFOPLIST_KEY_UIApplicationSupportsIndirectInputEvents = YES;
				INFOPLIST_KEY_UILaunchStoryboardName = LaunchScreen;
				INFOPLIST_KEY_UIMainStoryboardFile = Main;
				INFOPLIST_KEY_UISupportedInterfaceOrientations_iPad = "UIInterfaceOrientationPortrait UIInterfaceOrientationPortraitUpsideDown UIInterfaceOrientationLandscapeLeft UIInterfaceOrientationLandscapeRight";
				INFOPLIST_KEY_UISupportedInterfaceOrientations_iPhone = "UIInterfaceOrientationPortrait UIInterfaceOrientationLandscapeLeft UIInterfaceOrientationLandscapeRight";
				LD_RUNPATH_SEARCH_PATHS = (
					"$(inherited)",
					"@executable_path/Frameworks",
				);
				MARKETING_VERSION = 1.0;
				PRODUCT_BUNDLE_IDENTIFIER = "com.sesac.sesacweek1-ex1";
				PRODUCT_NAME = "$(TARGET_NAME)";
				SWIFT_EMIT_LOC_STRINGS = YES;
				SWIFT_VERSION = 5.0;
				TARGETED_DEVICE_FAMILY = "1,2";
			};
			name = Release;
		};
/* End XCBuildConfiguration section */

/* Begin XCConfigurationList section */
		D8674EFD2BF520C8009E18DC /* Build configuration list for PBXProject "sesacweek1_ex1" */ = {
			isa = XCConfigurationList;
			buildConfigurations = (
				D8674F142BF520C9009E18DC /* Debug */,
				D8674F152BF520C9009E18DC /* Release */,
			);
			defaultConfigurationIsVisible = 0;
			defaultConfigurationName = Release;
		};
		D8674F162BF520C9009E18DC /* Build configuration list for PBXNativeTarget "sesacweek1_ex1" */ = {
			isa = XCConfigurationList;
			buildConfigurations = (
				D8674F172BF520C9009E18DC /* Debug */,
				D8674F182BF520C9009E18DC /* Release */,
			);
			defaultConfigurationIsVisible = 0;
			defaultConfigurationName = Release;
		};
/* End XCConfigurationList section */
	};
	rootObject = D8674EFA2BF520C8009E18DC /* Project object */;
}
